
Microsoft Visual Studio Solution File, Format Version 12.00
# Visual Studio Version 16
VisualStudioVersion = 16.0.31025.194
MinimumVisualStudioVersion = 10.0.40219.1
Project("{D954291E-2A0B-460D-934E-DC6B0785DB48}") = "UnoPlatf.Shared", "UnoPlatf\UnoPlatf.Shared\UnoPlatf.Shared.shproj", "{6279C845-92F8-4333-AB99-3D213163593C}"
EndProject
Project("{2150E333-8FDC-42A3-9474-1A3956D46DE8}") = "Platforms", "Platforms", "{75938198-8732-4567-BE24-A678557241E6}"
EndProject
Project("{FAE04EC0-301F-11D3-BF4B-00C04F79EFBC}") = "UnoPlatf.Droid", "UnoPlatf\UnoPlatf.Droid\UnoPlatf.Droid.csproj", "{EE061984-7425-44A6-8C2D-FAEDC3700C0D}"
EndProject
Project("{FAE04EC0-301F-11D3-BF4B-00C04F79EFBC}") = "UnoPlatf.iOS", "UnoPlatf\UnoPlatf.iOS\UnoPlatf.iOS.csproj", "{EB1F0C09-A7CC-4D8F-A640-12B6B6F0D733}"
EndProject
Project("{FAE04EC0-301F-11D3-BF4B-00C04F79EFBC}") = "UnoPlatf.UWP", "UnoPlatf\UnoPlatf.UWP\UnoPlatf.UWP.csproj", "{FEEE3D99-ED07-4D1F-BCFD-0C970F3A00D1}"
EndProject
Project("{9A19103F-16F7-4668-BE54-9A1E7A4F7556}") = "UnoPlatf.Wasm", "UnoPlatf\UnoPlatf.Wasm\UnoPlatf.Wasm.csproj", "{D04EA536-4CF2-4D4C-B8B6-AF0CCCEDDC56}"
EndProject
Project("{FAE04EC0-301F-11D3-BF4B-00C04F79EFBC}") = "UnoPlatf.macOS", "UnoPlatf\UnoPlatf.macOS\UnoPlatf.macOS.csproj", "{6BD301CB-1491-47CD-9614-619EBCAED90C}"
EndProject
Project("{9A19103F-16F7-4668-BE54-9A1E7A4F7556}") = "UnoPlatf.Skia.Wpf.Host", "UnoPlatf\UnoPlatf.Skia.Wpf.Host\UnoPlatf.Skia.Wpf.Host.csproj", "{0045BA15-E13B-4FBF-800C-B723E7B200D8}"
EndProject
Project("{9A19103F-16F7-4668-BE54-9A1E7A4F7556}") = "UnoPlatf.Skia.Wpf", "UnoPlatf\UnoPlatf.Skia.Wpf\UnoPlatf.Skia.Wpf.csproj", "{42793CD0-69F1-42E4-9396-3B8B26B9F933}"
EndProject
Project("{9A19103F-16F7-4668-BE54-9A1E7A4F7556}") = "UnoPlatf.Skia.Gtk", "UnoPlatf\UnoPlatf.Skia.Gtk\UnoPlatf.Skia.Gtk.csproj", "{CA1F5C5B-B884-417D-92FA-C3F3A7BA16E1}"
EndProject
Project("{9A19103F-16F7-4668-BE54-9A1E7A4F7556}") = "UnoPlatf.Skia.Tizen", "UnoPlatf\UnoPlatf.Skia.Tizen\UnoPlatf.Skia.Tizen.csproj", "{05130D77-0656-4F52-BF93-AEE1F9D84AE1}"
EndProject
Project("{F2A71F9B-5D33-465A-A702-920D77279786}") = "UnoPlatf.Api", "UnoPlatf.Api\UnoPlatf.Api.fsproj", "{3A8C7AC9-4290-472E-A1C7-7F1B4450688F}"
EndProject
Global
	GlobalSection(SharedMSBuildProjectFiles) = preSolution
		UnoPlatf\UnoPlatf.Shared\UnoPlatf.Shared.projitems*{05130d77-0656-4f52-bf93-aee1f9d84ae1}*SharedItemsImports = 5
		UnoPlatf\UnoPlatf.Shared\UnoPlatf.Shared.projitems*{42793cd0-69f1-42e4-9396-3b8b26b9f933}*SharedItemsImports = 5
		UnoPlatf\UnoPlatf.Shared\UnoPlatf.Shared.projitems*{6279c845-92f8-4333-ab99-3d213163593c}*SharedItemsImports = 13
		UnoPlatf\UnoPlatf.Shared\UnoPlatf.Shared.projitems*{6bd301cb-1491-47cd-9614-619ebcaed90c}*SharedItemsImports = 4
		UnoPlatf\UnoPlatf.Shared\UnoPlatf.Shared.projitems*{ca1f5c5b-b884-417d-92fa-c3f3a7ba16e1}*SharedItemsImports = 5
		UnoPlatf\UnoPlatf.Shared\UnoPlatf.Shared.projitems*{d04ea536-4cf2-4d4c-b8b6-af0ccceddc56}*SharedItemsImports = 5
		UnoPlatf\UnoPlatf.Shared\UnoPlatf.Shared.projitems*{eb1f0c09-a7cc-4d8f-a640-12b6b6f0d733}*SharedItemsImports = 4
		UnoPlatf\UnoPlatf.Shared\UnoPlatf.Shared.projitems*{ee061984-7425-44a6-8c2d-faedc3700c0d}*SharedItemsImports = 4
		UnoPlatf\UnoPlatf.Shared\UnoPlatf.Shared.projitems*{feee3d99-ed07-4d1f-bcfd-0c970f3a00d1}*SharedItemsImports = 4
	EndGlobalSection
	GlobalSection(SolutionConfigurationPlatforms) = preSolution
		Ad-Hoc|Any CPU = Ad-Hoc|Any CPU
		Ad-Hoc|ARM = Ad-Hoc|ARM
		Ad-Hoc|ARM64 = Ad-Hoc|ARM64
		Ad-Hoc|iPhone = Ad-Hoc|iPhone
		Ad-Hoc|iPhoneSimulator = Ad-Hoc|iPhoneSimulator
		Ad-Hoc|x64 = Ad-Hoc|x64
		Ad-Hoc|x86 = Ad-Hoc|x86
		AppStore|Any CPU = AppStore|Any CPU
		AppStore|ARM = AppStore|ARM
		AppStore|ARM64 = AppStore|ARM64
		AppStore|iPhone = AppStore|iPhone
		AppStore|iPhoneSimulator = AppStore|iPhoneSimulator
		AppStore|x64 = AppStore|x64
		AppStore|x86 = AppStore|x86
		Debug|Any CPU = Debug|Any CPU
		Debug|ARM = Debug|ARM
		Debug|ARM64 = Debug|ARM64
		Debug|iPhone = Debug|iPhone
		Debug|iPhoneSimulator = Debug|iPhoneSimulator
		Debug|x64 = Debug|x64
		Debug|x86 = Debug|x86
		Release|Any CPU = Release|Any CPU
		Release|ARM = Release|ARM
		Release|ARM64 = Release|ARM64
		Release|iPhone = Release|iPhone
		Release|iPhoneSimulator = Release|iPhoneSimulator
		Release|x64 = Release|x64
		Release|x86 = Release|x86
	EndGlobalSection
	GlobalSection(ProjectConfigurationPlatforms) = postSolution
		{EE061984-7425-44A6-8C2D-FAEDC3700C0D}.Ad-Hoc|Any CPU.ActiveCfg = Debug|Any CPU
		{EE061984-7425-44A6-8C2D-FAEDC3700C0D}.Ad-Hoc|Any CPU.Build.0 = Debug|Any CPU
		{EE061984-7425-44A6-8C2D-FAEDC3700C0D}.Ad-Hoc|Any CPU.Deploy.0 = Debug|Any CPU
		{EE061984-7425-44A6-8C2D-FAEDC3700C0D}.Ad-Hoc|ARM.ActiveCfg = Debug|Any CPU
		{EE061984-7425-44A6-8C2D-FAEDC3700C0D}.Ad-Hoc|ARM.Build.0 = Debug|Any CPU
		{EE061984-7425-44A6-8C2D-FAEDC3700C0D}.Ad-Hoc|ARM.Deploy.0 = Debug|Any CPU
		{EE061984-7425-44A6-8C2D-FAEDC3700C0D}.Ad-Hoc|ARM64.ActiveCfg = Debug|Any CPU
		{EE061984-7425-44A6-8C2D-FAEDC3700C0D}.Ad-Hoc|ARM64.Build.0 = Debug|Any CPU
		{EE061984-7425-44A6-8C2D-FAEDC3700C0D}.Ad-Hoc|ARM64.Deploy.0 = Debug|Any CPU
		{EE061984-7425-44A6-8C2D-FAEDC3700C0D}.Ad-Hoc|iPhone.ActiveCfg = Debug|Any CPU
		{EE061984-7425-44A6-8C2D-FAEDC3700C0D}.Ad-Hoc|iPhone.Build.0 = Debug|Any CPU
		{EE061984-7425-44A6-8C2D-FAEDC3700C0D}.Ad-Hoc|iPhone.Deploy.0 = Debug|Any CPU
		{EE061984-7425-44A6-8C2D-FAEDC3700C0D}.Ad-Hoc|iPhoneSimulator.ActiveCfg = Debug|Any CPU
		{EE061984-7425-44A6-8C2D-FAEDC3700C0D}.Ad-Hoc|iPhoneSimulator.Build.0 = Debug|Any CPU
		{EE061984-7425-44A6-8C2D-FAEDC3700C0D}.Ad-Hoc|iPhoneSimulator.Deploy.0 = Debug|Any CPU
		{EE061984-7425-44A6-8C2D-FAEDC3700C0D}.Ad-Hoc|x64.ActiveCfg = Debug|Any CPU
		{EE061984-7425-44A6-8C2D-FAEDC3700C0D}.Ad-Hoc|x64.Build.0 = Debug|Any CPU
		{EE061984-7425-44A6-8C2D-FAEDC3700C0D}.Ad-Hoc|x64.Deploy.0 = Debug|Any CPU
		{EE061984-7425-44A6-8C2D-FAEDC3700C0D}.Ad-Hoc|x86.ActiveCfg = Debug|Any CPU
		{EE061984-7425-44A6-8C2D-FAEDC3700C0D}.Ad-Hoc|x86.Build.0 = Debug|Any CPU
		{EE061984-7425-44A6-8C2D-FAEDC3700C0D}.Ad-Hoc|x86.Deploy.0 = Debug|Any CPU
		{EE061984-7425-44A6-8C2D-FAEDC3700C0D}.AppStore|Any CPU.ActiveCfg = Debug|Any CPU
		{EE061984-7425-44A6-8C2D-FAEDC3700C0D}.AppStore|Any CPU.Build.0 = Debug|Any CPU
		{EE061984-7425-44A6-8C2D-FAEDC3700C0D}.AppStore|Any CPU.Deploy.0 = Debug|Any CPU
		{EE061984-7425-44A6-8C2D-FAEDC3700C0D}.AppStore|ARM.ActiveCfg = Debug|Any CPU
		{EE061984-7425-44A6-8C2D-FAEDC3700C0D}.AppStore|ARM.Build.0 = Debug|Any CPU
		{EE061984-7425-44A6-8C2D-FAEDC3700C0D}.AppStore|ARM.Deploy.0 = Debug|Any CPU
		{EE061984-7425-44A6-8C2D-FAEDC3700C0D}.AppStore|ARM64.ActiveCfg = Debug|Any CPU
		{EE061984-7425-44A6-8C2D-FAEDC3700C0D}.AppStore|ARM64.Build.0 = Debug|Any CPU
		{EE061984-7425-44A6-8C2D-FAEDC3700C0D}.AppStore|ARM64.Deploy.0 = Debug|Any CPU
		{EE061984-7425-44A6-8C2D-FAEDC3700C0D}.AppStore|iPhone.ActiveCfg = Debug|Any CPU
		{EE061984-7425-44A6-8C2D-FAEDC3700C0D}.AppStore|iPhone.Build.0 = Debug|Any CPU
		{EE061984-7425-44A6-8C2D-FAEDC3700C0D}.AppStore|iPhone.Deploy.0 = Debug|Any CPU
		{EE061984-7425-44A6-8C2D-FAEDC3700C0D}.AppStore|iPhoneSimulator.ActiveCfg = Debug|Any CPU
		{EE061984-7425-44A6-8C2D-FAEDC3700C0D}.AppStore|iPhoneSimulator.Build.0 = Debug|Any CPU
		{EE061984-7425-44A6-8C2D-FAEDC3700C0D}.AppStore|iPhoneSimulator.Deploy.0 = Debug|Any CPU
		{EE061984-7425-44A6-8C2D-FAEDC3700C0D}.AppStore|x64.ActiveCfg = Debug|Any CPU
		{EE061984-7425-44A6-8C2D-FAEDC3700C0D}.AppStore|x64.Build.0 = Debug|Any CPU
		{EE061984-7425-44A6-8C2D-FAEDC3700C0D}.AppStore|x64.Deploy.0 = Debug|Any CPU
		{EE061984-7425-44A6-8C2D-FAEDC3700C0D}.AppStore|x86.ActiveCfg = Debug|Any CPU
		{EE061984-7425-44A6-8C2D-FAEDC3700C0D}.AppStore|x86.Build.0 = Debug|Any CPU
		{EE061984-7425-44A6-8C2D-FAEDC3700C0D}.AppStore|x86.Deploy.0 = Debug|Any CPU
		{EE061984-7425-44A6-8C2D-FAEDC3700C0D}.Debug|Any CPU.ActiveCfg = Debug|Any CPU
		{EE061984-7425-44A6-8C2D-FAEDC3700C0D}.Debug|Any CPU.Build.0 = Debug|Any CPU
		{EE061984-7425-44A6-8C2D-FAEDC3700C0D}.Debug|Any CPU.Deploy.0 = Debug|Any CPU
		{EE061984-7425-44A6-8C2D-FAEDC3700C0D}.Debug|ARM.ActiveCfg = Debug|Any CPU
		{EE061984-7425-44A6-8C2D-FAEDC3700C0D}.Debug|ARM.Build.0 = Debug|Any CPU
		{EE061984-7425-44A6-8C2D-FAEDC3700C0D}.Debug|ARM.Deploy.0 = Debug|Any CPU
		{EE061984-7425-44A6-8C2D-FAEDC3700C0D}.Debug|ARM64.ActiveCfg = Debug|Any CPU
		{EE061984-7425-44A6-8C2D-FAEDC3700C0D}.Debug|ARM64.Build.0 = Debug|Any CPU
		{EE061984-7425-44A6-8C2D-FAEDC3700C0D}.Debug|ARM64.Deploy.0 = Debug|Any CPU
		{EE061984-7425-44A6-8C2D-FAEDC3700C0D}.Debug|iPhone.ActiveCfg = Debug|Any CPU
		{EE061984-7425-44A6-8C2D-FAEDC3700C0D}.Debug|iPhone.Build.0 = Debug|Any CPU
		{EE061984-7425-44A6-8C2D-FAEDC3700C0D}.Debug|iPhone.Deploy.0 = Debug|Any CPU
		{EE061984-7425-44A6-8C2D-FAEDC3700C0D}.Debug|iPhoneSimulator.ActiveCfg = Debug|Any CPU
		{EE061984-7425-44A6-8C2D-FAEDC3700C0D}.Debug|iPhoneSimulator.Build.0 = Debug|Any CPU
		{EE061984-7425-44A6-8C2D-FAEDC3700C0D}.Debug|iPhoneSimulator.Deploy.0 = Debug|Any CPU
		{EE061984-7425-44A6-8C2D-FAEDC3700C0D}.Debug|x64.ActiveCfg = Debug|Any CPU
		{EE061984-7425-44A6-8C2D-FAEDC3700C0D}.Debug|x64.Build.0 = Debug|Any CPU
		{EE061984-7425-44A6-8C2D-FAEDC3700C0D}.Debug|x64.Deploy.0 = Debug|Any CPU
		{EE061984-7425-44A6-8C2D-FAEDC3700C0D}.Debug|x86.ActiveCfg = Debug|Any CPU
		{EE061984-7425-44A6-8C2D-FAEDC3700C0D}.Debug|x86.Build.0 = Debug|Any CPU
		{EE061984-7425-44A6-8C2D-FAEDC3700C0D}.Debug|x86.Deploy.0 = Debug|Any CPU
		{EE061984-7425-44A6-8C2D-FAEDC3700C0D}.Release|Any CPU.ActiveCfg = Release|Any CPU
		{EE061984-7425-44A6-8C2D-FAEDC3700C0D}.Release|Any CPU.Build.0 = Release|Any CPU
		{EE061984-7425-44A6-8C2D-FAEDC3700C0D}.Release|Any CPU.Deploy.0 = Release|Any CPU
		{EE061984-7425-44A6-8C2D-FAEDC3700C0D}.Release|ARM.ActiveCfg = Release|Any CPU
		{EE061984-7425-44A6-8C2D-FAEDC3700C0D}.Release|ARM.Build.0 = Release|Any CPU
		{EE061984-7425-44A6-8C2D-FAEDC3700C0D}.Release|ARM.Deploy.0 = Release|Any CPU
		{EE061984-7425-44A6-8C2D-FAEDC3700C0D}.Release|ARM64.ActiveCfg = Release|Any CPU
		{EE061984-7425-44A6-8C2D-FAEDC3700C0D}.Release|ARM64.Build.0 = Release|Any CPU
		{EE061984-7425-44A6-8C2D-FAEDC3700C0D}.Release|ARM64.Deploy.0 = Release|Any CPU
		{EE061984-7425-44A6-8C2D-FAEDC3700C0D}.Release|iPhone.ActiveCfg = Release|Any CPU
		{EE061984-7425-44A6-8C2D-FAEDC3700C0D}.Release|iPhone.Build.0 = Release|Any CPU
		{EE061984-7425-44A6-8C2D-FAEDC3700C0D}.Release|iPhone.Deploy.0 = Release|Any CPU
		{EE061984-7425-44A6-8C2D-FAEDC3700C0D}.Release|iPhoneSimulator.ActiveCfg = Release|Any CPU
		{EE061984-7425-44A6-8C2D-FAEDC3700C0D}.Release|iPhoneSimulator.Build.0 = Release|Any CPU
		{EE061984-7425-44A6-8C2D-FAEDC3700C0D}.Release|iPhoneSimulator.Deploy.0 = Release|Any CPU
		{EE061984-7425-44A6-8C2D-FAEDC3700C0D}.Release|x64.ActiveCfg = Release|Any CPU
		{EE061984-7425-44A6-8C2D-FAEDC3700C0D}.Release|x64.Build.0 = Release|Any CPU
		{EE061984-7425-44A6-8C2D-FAEDC3700C0D}.Release|x64.Deploy.0 = Release|Any CPU
		{EE061984-7425-44A6-8C2D-FAEDC3700C0D}.Release|x86.ActiveCfg = Release|Any CPU
		{EE061984-7425-44A6-8C2D-FAEDC3700C0D}.Release|x86.Build.0 = Release|Any CPU
		{EE061984-7425-44A6-8C2D-FAEDC3700C0D}.Release|x86.Deploy.0 = Release|Any CPU
		{EB1F0C09-A7CC-4D8F-A640-12B6B6F0D733}.Ad-Hoc|Any CPU.ActiveCfg = Ad-Hoc|iPhoneSimulator
		{EB1F0C09-A7CC-4D8F-A640-12B6B6F0D733}.Ad-Hoc|ARM.ActiveCfg = Ad-Hoc|iPhoneSimulator
		{EB1F0C09-A7CC-4D8F-A640-12B6B6F0D733}.Ad-Hoc|ARM64.ActiveCfg = Ad-Hoc|iPhoneSimulator
		{EB1F0C09-A7CC-4D8F-A640-12B6B6F0D733}.Ad-Hoc|iPhone.ActiveCfg = Ad-Hoc|iPhone
		{EB1F0C09-A7CC-4D8F-A640-12B6B6F0D733}.Ad-Hoc|iPhone.Build.0 = Ad-Hoc|iPhone
		{EB1F0C09-A7CC-4D8F-A640-12B6B6F0D733}.Ad-Hoc|iPhoneSimulator.ActiveCfg = Ad-Hoc|iPhoneSimulator
		{EB1F0C09-A7CC-4D8F-A640-12B6B6F0D733}.Ad-Hoc|iPhoneSimulator.Build.0 = Ad-Hoc|iPhoneSimulator
		{EB1F0C09-A7CC-4D8F-A640-12B6B6F0D733}.Ad-Hoc|x64.ActiveCfg = Ad-Hoc|iPhoneSimulator
		{EB1F0C09-A7CC-4D8F-A640-12B6B6F0D733}.Ad-Hoc|x86.ActiveCfg = Ad-Hoc|iPhoneSimulator
		{EB1F0C09-A7CC-4D8F-A640-12B6B6F0D733}.AppStore|Any CPU.ActiveCfg = AppStore|iPhoneSimulator
		{EB1F0C09-A7CC-4D8F-A640-12B6B6F0D733}.AppStore|ARM.ActiveCfg = AppStore|iPhoneSimulator
		{EB1F0C09-A7CC-4D8F-A640-12B6B6F0D733}.AppStore|ARM64.ActiveCfg = AppStore|iPhoneSimulator
		{EB1F0C09-A7CC-4D8F-A640-12B6B6F0D733}.AppStore|iPhone.ActiveCfg = AppStore|iPhone
		{EB1F0C09-A7CC-4D8F-A640-12B6B6F0D733}.AppStore|iPhone.Build.0 = AppStore|iPhone
		{EB1F0C09-A7CC-4D8F-A640-12B6B6F0D733}.AppStore|iPhoneSimulator.ActiveCfg = AppStore|iPhoneSimulator
		{EB1F0C09-A7CC-4D8F-A640-12B6B6F0D733}.AppStore|iPhoneSimulator.Build.0 = AppStore|iPhoneSimulator
		{EB1F0C09-A7CC-4D8F-A640-12B6B6F0D733}.AppStore|x64.ActiveCfg = AppStore|iPhoneSimulator
		{EB1F0C09-A7CC-4D8F-A640-12B6B6F0D733}.AppStore|x86.ActiveCfg = AppStore|iPhoneSimulator
		{EB1F0C09-A7CC-4D8F-A640-12B6B6F0D733}.Debug|Any CPU.ActiveCfg = Debug|iPhoneSimulator
		{EB1F0C09-A7CC-4D8F-A640-12B6B6F0D733}.Debug|ARM.ActiveCfg = Debug|iPhoneSimulator
		{EB1F0C09-A7CC-4D8F-A640-12B6B6F0D733}.Debug|ARM64.ActiveCfg = Debug|iPhoneSimulator
		{EB1F0C09-A7CC-4D8F-A640-12B6B6F0D733}.Debug|iPhone.ActiveCfg = Debug|iPhone
		{EB1F0C09-A7CC-4D8F-A640-12B6B6F0D733}.Debug|iPhone.Build.0 = Debug|iPhone
		{EB1F0C09-A7CC-4D8F-A640-12B6B6F0D733}.Debug|iPhoneSimulator.ActiveCfg = Debug|iPhoneSimulator
		{EB1F0C09-A7CC-4D8F-A640-12B6B6F0D733}.Debug|iPhoneSimulator.Build.0 = Debug|iPhoneSimulator
		{EB1F0C09-A7CC-4D8F-A640-12B6B6F0D733}.Debug|x64.ActiveCfg = Debug|iPhoneSimulator
		{EB1F0C09-A7CC-4D8F-A640-12B6B6F0D733}.Debug|x86.ActiveCfg = Debug|iPhoneSimulator
		{EB1F0C09-A7CC-4D8F-A640-12B6B6F0D733}.Release|Any CPU.ActiveCfg = Release|iPhoneSimulator
		{EB1F0C09-A7CC-4D8F-A640-12B6B6F0D733}.Release|ARM.ActiveCfg = Release|iPhoneSimulator
		{EB1F0C09-A7CC-4D8F-A640-12B6B6F0D733}.Release|ARM64.ActiveCfg = Release|iPhoneSimulator
		{EB1F0C09-A7CC-4D8F-A640-12B6B6F0D733}.Release|iPhone.ActiveCfg = Release|iPhone
		{EB1F0C09-A7CC-4D8F-A640-12B6B6F0D733}.Release|iPhone.Build.0 = Release|iPhone
		{EB1F0C09-A7CC-4D8F-A640-12B6B6F0D733}.Release|iPhoneSimulator.ActiveCfg = Release|iPhoneSimulator
		{EB1F0C09-A7CC-4D8F-A640-12B6B6F0D733}.Release|iPhoneSimulator.Build.0 = Release|iPhoneSimulator
		{EB1F0C09-A7CC-4D8F-A640-12B6B6F0D733}.Release|x64.ActiveCfg = Release|iPhoneSimulator
		{EB1F0C09-A7CC-4D8F-A640-12B6B6F0D733}.Release|x86.ActiveCfg = Release|iPhoneSimulator
		{FEEE3D99-ED07-4D1F-BCFD-0C970F3A00D1}.Ad-Hoc|Any CPU.ActiveCfg = Debug|x86
		{FEEE3D99-ED07-4D1F-BCFD-0C970F3A00D1}.Ad-Hoc|Any CPU.Build.0 = Debug|x86
		{FEEE3D99-ED07-4D1F-BCFD-0C970F3A00D1}.Ad-Hoc|Any CPU.Deploy.0 = Debug|x86
		{FEEE3D99-ED07-4D1F-BCFD-0C970F3A00D1}.Ad-Hoc|ARM.ActiveCfg = Debug|ARM
		{FEEE3D99-ED07-4D1F-BCFD-0C970F3A00D1}.Ad-Hoc|ARM.Build.0 = Debug|ARM
		{FEEE3D99-ED07-4D1F-BCFD-0C970F3A00D1}.Ad-Hoc|ARM.Deploy.0 = Debug|ARM
		{FEEE3D99-ED07-4D1F-BCFD-0C970F3A00D1}.Ad-Hoc|ARM64.ActiveCfg = Debug|ARM64
		{FEEE3D99-ED07-4D1F-BCFD-0C970F3A00D1}.Ad-Hoc|ARM64.Build.0 = Debug|ARM64
		{FEEE3D99-ED07-4D1F-BCFD-0C970F3A00D1}.Ad-Hoc|ARM64.Deploy.0 = Debug|ARM64
		{FEEE3D99-ED07-4D1F-BCFD-0C970F3A00D1}.Ad-Hoc|iPhone.ActiveCfg = Debug|x86
		{FEEE3D99-ED07-4D1F-BCFD-0C970F3A00D1}.Ad-Hoc|iPhone.Build.0 = Debug|x86
		{FEEE3D99-ED07-4D1F-BCFD-0C970F3A00D1}.Ad-Hoc|iPhone.Deploy.0 = Debug|x86
		{FEEE3D99-ED07-4D1F-BCFD-0C970F3A00D1}.Ad-Hoc|iPhoneSimulator.ActiveCfg = Debug|x86
		{FEEE3D99-ED07-4D1F-BCFD-0C970F3A00D1}.Ad-Hoc|iPhoneSimulator.Build.0 = Debug|x86
		{FEEE3D99-ED07-4D1F-BCFD-0C970F3A00D1}.Ad-Hoc|iPhoneSimulator.Deploy.0 = Debug|x86
		{FEEE3D99-ED07-4D1F-BCFD-0C970F3A00D1}.Ad-Hoc|x64.ActiveCfg = Debug|x64
		{FEEE3D99-ED07-4D1F-BCFD-0C970F3A00D1}.Ad-Hoc|x64.Build.0 = Debug|x64
		{FEEE3D99-ED07-4D1F-BCFD-0C970F3A00D1}.Ad-Hoc|x64.Deploy.0 = Debug|x64
		{FEEE3D99-ED07-4D1F-BCFD-0C970F3A00D1}.Ad-Hoc|x86.ActiveCfg = Debug|x86
		{FEEE3D99-ED07-4D1F-BCFD-0C970F3A00D1}.Ad-Hoc|x86.Build.0 = Debug|x86
		{FEEE3D99-ED07-4D1F-BCFD-0C970F3A00D1}.Ad-Hoc|x86.Deploy.0 = Debug|x86
		{FEEE3D99-ED07-4D1F-BCFD-0C970F3A00D1}.AppStore|Any CPU.ActiveCfg = Debug|x86
		{FEEE3D99-ED07-4D1F-BCFD-0C970F3A00D1}.AppStore|Any CPU.Build.0 = Debug|x86
		{FEEE3D99-ED07-4D1F-BCFD-0C970F3A00D1}.AppStore|Any CPU.Deploy.0 = Debug|x86
		{FEEE3D99-ED07-4D1F-BCFD-0C970F3A00D1}.AppStore|ARM.ActiveCfg = Debug|ARM
		{FEEE3D99-ED07-4D1F-BCFD-0C970F3A00D1}.AppStore|ARM.Build.0 = Debug|ARM
		{FEEE3D99-ED07-4D1F-BCFD-0C970F3A00D1}.AppStore|ARM.Deploy.0 = Debug|ARM
		{FEEE3D99-ED07-4D1F-BCFD-0C970F3A00D1}.AppStore|ARM64.ActiveCfg = Debug|ARM64
		{FEEE3D99-ED07-4D1F-BCFD-0C970F3A00D1}.AppStore|ARM64.Build.0 = Debug|ARM64
		{FEEE3D99-ED07-4D1F-BCFD-0C970F3A00D1}.AppStore|ARM64.Deploy.0 = Debug|ARM64
		{FEEE3D99-ED07-4D1F-BCFD-0C970F3A00D1}.AppStore|iPhone.ActiveCfg = Debug|x86
		{FEEE3D99-ED07-4D1F-BCFD-0C970F3A00D1}.AppStore|iPhone.Build.0 = Debug|x86
		{FEEE3D99-ED07-4D1F-BCFD-0C970F3A00D1}.AppStore|iPhone.Deploy.0 = Debug|x86
		{FEEE3D99-ED07-4D1F-BCFD-0C970F3A00D1}.AppStore|iPhoneSimulator.ActiveCfg = Debug|x86
		{FEEE3D99-ED07-4D1F-BCFD-0C970F3A00D1}.AppStore|iPhoneSimulator.Build.0 = Debug|x86
		{FEEE3D99-ED07-4D1F-BCFD-0C970F3A00D1}.AppStore|iPhoneSimulator.Deploy.0 = Debug|x86
		{FEEE3D99-ED07-4D1F-BCFD-0C970F3A00D1}.AppStore|x64.ActiveCfg = Debug|x64
		{FEEE3D99-ED07-4D1F-BCFD-0C970F3A00D1}.AppStore|x64.Build.0 = Debug|x64
		{FEEE3D99-ED07-4D1F-BCFD-0C970F3A00D1}.AppStore|x64.Deploy.0 = Debug|x64
		{FEEE3D99-ED07-4D1F-BCFD-0C970F3A00D1}.AppStore|x86.ActiveCfg = Debug|x86
		{FEEE3D99-ED07-4D1F-BCFD-0C970F3A00D1}.AppStore|x86.Build.0 = Debug|x86
		{FEEE3D99-ED07-4D1F-BCFD-0C970F3A00D1}.AppStore|x86.Deploy.0 = Debug|x86
		{FEEE3D99-ED07-4D1F-BCFD-0C970F3A00D1}.Debug|Any CPU.ActiveCfg = Debug|x86
		{FEEE3D99-ED07-4D1F-BCFD-0C970F3A00D1}.Debug|Any CPU.Build.0 = Debug|x86
		{FEEE3D99-ED07-4D1F-BCFD-0C970F3A00D1}.Debug|Any CPU.Deploy.0 = Debug|x86
		{FEEE3D99-ED07-4D1F-BCFD-0C970F3A00D1}.Debug|ARM.ActiveCfg = Debug|ARM
		{FEEE3D99-ED07-4D1F-BCFD-0C970F3A00D1}.Debug|ARM.Build.0 = Debug|ARM
		{FEEE3D99-ED07-4D1F-BCFD-0C970F3A00D1}.Debug|ARM.Deploy.0 = Debug|ARM
		{FEEE3D99-ED07-4D1F-BCFD-0C970F3A00D1}.Debug|ARM64.ActiveCfg = Debug|ARM64
		{FEEE3D99-ED07-4D1F-BCFD-0C970F3A00D1}.Debug|ARM64.Build.0 = Debug|ARM64
		{FEEE3D99-ED07-4D1F-BCFD-0C970F3A00D1}.Debug|ARM64.Deploy.0 = Debug|ARM64
		{FEEE3D99-ED07-4D1F-BCFD-0C970F3A00D1}.Debug|iPhone.ActiveCfg = Debug|x86
		{FEEE3D99-ED07-4D1F-BCFD-0C970F3A00D1}.Debug|iPhoneSimulator.ActiveCfg = Debug|x86
		{FEEE3D99-ED07-4D1F-BCFD-0C970F3A00D1}.Debug|x64.ActiveCfg = Debug|x64
		{FEEE3D99-ED07-4D1F-BCFD-0C970F3A00D1}.Debug|x64.Build.0 = Debug|x64
		{FEEE3D99-ED07-4D1F-BCFD-0C970F3A00D1}.Debug|x64.Deploy.0 = Debug|x64
		{FEEE3D99-ED07-4D1F-BCFD-0C970F3A00D1}.Debug|x86.ActiveCfg = Debug|x86
		{FEEE3D99-ED07-4D1F-BCFD-0C970F3A00D1}.Debug|x86.Build.0 = Debug|x86
		{FEEE3D99-ED07-4D1F-BCFD-0C970F3A00D1}.Debug|x86.Deploy.0 = Debug|x86
		{FEEE3D99-ED07-4D1F-BCFD-0C970F3A00D1}.Release|Any CPU.ActiveCfg = Release|x86
		{FEEE3D99-ED07-4D1F-BCFD-0C970F3A00D1}.Release|ARM.ActiveCfg = Release|ARM
		{FEEE3D99-ED07-4D1F-BCFD-0C970F3A00D1}.Release|ARM.Build.0 = Release|ARM
		{FEEE3D99-ED07-4D1F-BCFD-0C970F3A00D1}.Release|ARM.Deploy.0 = Release|ARM
		{FEEE3D99-ED07-4D1F-BCFD-0C970F3A00D1}.Release|ARM64.ActiveCfg = Release|ARM64
		{FEEE3D99-ED07-4D1F-BCFD-0C970F3A00D1}.Release|ARM64.Build.0 = Release|ARM64
		{FEEE3D99-ED07-4D1F-BCFD-0C970F3A00D1}.Release|ARM64.Deploy.0 = Release|ARM64
		{FEEE3D99-ED07-4D1F-BCFD-0C970F3A00D1}.Release|iPhone.ActiveCfg = Release|x86
		{FEEE3D99-ED07-4D1F-BCFD-0C970F3A00D1}.Release|iPhoneSimulator.ActiveCfg = Release|x86
		{FEEE3D99-ED07-4D1F-BCFD-0C970F3A00D1}.Release|x64.ActiveCfg = Release|x64
		{FEEE3D99-ED07-4D1F-BCFD-0C970F3A00D1}.Release|x64.Build.0 = Release|x64
		{FEEE3D99-ED07-4D1F-BCFD-0C970F3A00D1}.Release|x64.Deploy.0 = Release|x64
		{FEEE3D99-ED07-4D1F-BCFD-0C970F3A00D1}.Release|x86.ActiveCfg = Release|x86
		{FEEE3D99-ED07-4D1F-BCFD-0C970F3A00D1}.Release|x86.Build.0 = Release|x86
		{FEEE3D99-ED07-4D1F-BCFD-0C970F3A00D1}.Release|x86.Deploy.0 = Release|x86
		{D04EA536-4CF2-4D4C-B8B6-AF0CCCEDDC56}.Ad-Hoc|Any CPU.ActiveCfg = Debug|Any CPU
		{D04EA536-4CF2-4D4C-B8B6-AF0CCCEDDC56}.Ad-Hoc|Any CPU.Build.0 = Debug|Any CPU
		{D04EA536-4CF2-4D4C-B8B6-AF0CCCEDDC56}.Ad-Hoc|ARM.ActiveCfg = Debug|Any CPU
		{D04EA536-4CF2-4D4C-B8B6-AF0CCCEDDC56}.Ad-Hoc|ARM.Build.0 = Debug|Any CPU
		{D04EA536-4CF2-4D4C-B8B6-AF0CCCEDDC56}.Ad-Hoc|ARM64.ActiveCfg = Debug|Any CPU
		{D04EA536-4CF2-4D4C-B8B6-AF0CCCEDDC56}.Ad-Hoc|ARM64.Build.0 = Debug|Any CPU
		{D04EA536-4CF2-4D4C-B8B6-AF0CCCEDDC56}.Ad-Hoc|iPhone.ActiveCfg = Debug|Any CPU
		{D04EA536-4CF2-4D4C-B8B6-AF0CCCEDDC56}.Ad-Hoc|iPhone.Build.0 = Debug|Any CPU
		{D04EA536-4CF2-4D4C-B8B6-AF0CCCEDDC56}.Ad-Hoc|iPhoneSimulator.ActiveCfg = Debug|Any CPU
		{D04EA536-4CF2-4D4C-B8B6-AF0CCCEDDC56}.Ad-Hoc|iPhoneSimulator.Build.0 = Debug|Any CPU
		{D04EA536-4CF2-4D4C-B8B6-AF0CCCEDDC56}.Ad-Hoc|x64.ActiveCfg = Debug|Any CPU
		{D04EA536-4CF2-4D4C-B8B6-AF0CCCEDDC56}.Ad-Hoc|x64.Build.0 = Debug|Any CPU
		{D04EA536-4CF2-4D4C-B8B6-AF0CCCEDDC56}.Ad-Hoc|x86.ActiveCfg = Debug|Any CPU
		{D04EA536-4CF2-4D4C-B8B6-AF0CCCEDDC56}.Ad-Hoc|x86.Build.0 = Debug|Any CPU
		{D04EA536-4CF2-4D4C-B8B6-AF0CCCEDDC56}.AppStore|Any CPU.ActiveCfg = Debug|Any CPU
		{D04EA536-4CF2-4D4C-B8B6-AF0CCCEDDC56}.AppStore|Any CPU.Build.0 = Debug|Any CPU
		{D04EA536-4CF2-4D4C-B8B6-AF0CCCEDDC56}.AppStore|ARM.ActiveCfg = Debug|Any CPU
		{D04EA536-4CF2-4D4C-B8B6-AF0CCCEDDC56}.AppStore|ARM.Build.0 = Debug|Any CPU
		{D04EA536-4CF2-4D4C-B8B6-AF0CCCEDDC56}.AppStore|ARM64.ActiveCfg = Debug|Any CPU
		{D04EA536-4CF2-4D4C-B8B6-AF0CCCEDDC56}.AppStore|ARM64.Build.0 = Debug|Any CPU
		{D04EA536-4CF2-4D4C-B8B6-AF0CCCEDDC56}.AppStore|iPhone.ActiveCfg = Debug|Any CPU
		{D04EA536-4CF2-4D4C-B8B6-AF0CCCEDDC56}.AppStore|iPhone.Build.0 = Debug|Any CPU
		{D04EA536-4CF2-4D4C-B8B6-AF0CCCEDDC56}.AppStore|iPhoneSimulator.ActiveCfg = Debug|Any CPU
		{D04EA536-4CF2-4D4C-B8B6-AF0CCCEDDC56}.AppStore|iPhoneSimulator.Build.0 = Debug|Any CPU
		{D04EA536-4CF2-4D4C-B8B6-AF0CCCEDDC56}.AppStore|x64.ActiveCfg = Debug|Any CPU
		{D04EA536-4CF2-4D4C-B8B6-AF0CCCEDDC56}.AppStore|x64.Build.0 = Debug|Any CPU
		{D04EA536-4CF2-4D4C-B8B6-AF0CCCEDDC56}.AppStore|x86.ActiveCfg = Debug|Any CPU
		{D04EA536-4CF2-4D4C-B8B6-AF0CCCEDDC56}.AppStore|x86.Build.0 = Debug|Any CPU
		{D04EA536-4CF2-4D4C-B8B6-AF0CCCEDDC56}.Debug|Any CPU.ActiveCfg = Debug|Any CPU
		{D04EA536-4CF2-4D4C-B8B6-AF0CCCEDDC56}.Debug|Any CPU.Build.0 = Debug|Any CPU
		{D04EA536-4CF2-4D4C-B8B6-AF0CCCEDDC56}.Debug|ARM.ActiveCfg = Debug|Any CPU
		{D04EA536-4CF2-4D4C-B8B6-AF0CCCEDDC56}.Debug|ARM.Build.0 = Debug|Any CPU
		{D04EA536-4CF2-4D4C-B8B6-AF0CCCEDDC56}.Debug|ARM64.ActiveCfg = Debug|Any CPU
		{D04EA536-4CF2-4D4C-B8B6-AF0CCCEDDC56}.Debug|ARM64.Build.0 = Debug|Any CPU
		{D04EA536-4CF2-4D4C-B8B6-AF0CCCEDDC56}.Debug|iPhone.ActiveCfg = Debug|Any CPU
		{D04EA536-4CF2-4D4C-B8B6-AF0CCCEDDC56}.Debug|iPhone.Build.0 = Debug|Any CPU
		{D04EA536-4CF2-4D4C-B8B6-AF0CCCEDDC56}.Debug|iPhoneSimulator.ActiveCfg = Debug|Any CPU
		{D04EA536-4CF2-4D4C-B8B6-AF0CCCEDDC56}.Debug|iPhoneSimulator.Build.0 = Debug|Any CPU
		{D04EA536-4CF2-4D4C-B8B6-AF0CCCEDDC56}.Debug|x64.ActiveCfg = Debug|Any CPU
		{D04EA536-4CF2-4D4C-B8B6-AF0CCCEDDC56}.Debug|x64.Build.0 = Debug|Any CPU
		{D04EA536-4CF2-4D4C-B8B6-AF0CCCEDDC56}.Debug|x86.ActiveCfg = Debug|Any CPU
		{D04EA536-4CF2-4D4C-B8B6-AF0CCCEDDC56}.Debug|x86.Build.0 = Debug|Any CPU
		{D04EA536-4CF2-4D4C-B8B6-AF0CCCEDDC56}.Release|Any CPU.ActiveCfg = Release|Any CPU
		{D04EA536-4CF2-4D4C-B8B6-AF0CCCEDDC56}.Release|Any CPU.Build.0 = Release|Any CPU
		{D04EA536-4CF2-4D4C-B8B6-AF0CCCEDDC56}.Release|ARM.ActiveCfg = Release|Any CPU
		{D04EA536-4CF2-4D4C-B8B6-AF0CCCEDDC56}.Release|ARM.Build.0 = Release|Any CPU
		{D04EA536-4CF2-4D4C-B8B6-AF0CCCEDDC56}.Release|ARM64.ActiveCfg = Release|Any CPU
		{D04EA536-4CF2-4D4C-B8B6-AF0CCCEDDC56}.Release|ARM64.Build.0 = Release|Any CPU
		{D04EA536-4CF2-4D4C-B8B6-AF0CCCEDDC56}.Release|iPhone.ActiveCfg = Release|Any CPU
		{D04EA536-4CF2-4D4C-B8B6-AF0CCCEDDC56}.Release|iPhone.Build.0 = Release|Any CPU
		{D04EA536-4CF2-4D4C-B8B6-AF0CCCEDDC56}.Release|iPhoneSimulator.ActiveCfg = Release|Any CPU
		{D04EA536-4CF2-4D4C-B8B6-AF0CCCEDDC56}.Release|iPhoneSimulator.Build.0 = Release|Any CPU
		{D04EA536-4CF2-4D4C-B8B6-AF0CCCEDDC56}.Release|x64.ActiveCfg = Release|Any CPU
		{D04EA536-4CF2-4D4C-B8B6-AF0CCCEDDC56}.Release|x64.Build.0 = Release|Any CPU
		{D04EA536-4CF2-4D4C-B8B6-AF0CCCEDDC56}.Release|x86.ActiveCfg = Release|Any CPU
		{D04EA536-4CF2-4D4C-B8B6-AF0CCCEDDC56}.Release|x86.Build.0 = Release|Any CPU
		{6BD301CB-1491-47CD-9614-619EBCAED90C}.Ad-Hoc|Any CPU.ActiveCfg = Debug|iPhoneSimulator
		{6BD301CB-1491-47CD-9614-619EBCAED90C}.Ad-Hoc|Any CPU.Build.0 = Debug|iPhoneSimulator
		{6BD301CB-1491-47CD-9614-619EBCAED90C}.Ad-Hoc|ARM.ActiveCfg = Debug|iPhoneSimulator
		{6BD301CB-1491-47CD-9614-619EBCAED90C}.Ad-Hoc|ARM.Build.0 = Debug|iPhoneSimulator
		{6BD301CB-1491-47CD-9614-619EBCAED90C}.Ad-Hoc|ARM64.ActiveCfg = Debug|iPhoneSimulator
		{6BD301CB-1491-47CD-9614-619EBCAED90C}.Ad-Hoc|ARM64.Build.0 = Debug|iPhoneSimulator
		{6BD301CB-1491-47CD-9614-619EBCAED90C}.Ad-Hoc|iPhone.ActiveCfg = Debug|iPhoneSimulator
		{6BD301CB-1491-47CD-9614-619EBCAED90C}.Ad-Hoc|iPhone.Build.0 = Debug|iPhoneSimulator
		{6BD301CB-1491-47CD-9614-619EBCAED90C}.Ad-Hoc|iPhoneSimulator.ActiveCfg = Debug|iPhoneSimulator
		{6BD301CB-1491-47CD-9614-619EBCAED90C}.Ad-Hoc|iPhoneSimulator.Build.0 = Debug|iPhoneSimulator
		{6BD301CB-1491-47CD-9614-619EBCAED90C}.Ad-Hoc|x64.ActiveCfg = Debug|iPhoneSimulator
		{6BD301CB-1491-47CD-9614-619EBCAED90C}.Ad-Hoc|x64.Build.0 = Debug|iPhoneSimulator
		{6BD301CB-1491-47CD-9614-619EBCAED90C}.Ad-Hoc|x86.ActiveCfg = Debug|iPhoneSimulator
		{6BD301CB-1491-47CD-9614-619EBCAED90C}.Ad-Hoc|x86.Build.0 = Debug|iPhoneSimulator
		{6BD301CB-1491-47CD-9614-619EBCAED90C}.AppStore|Any CPU.ActiveCfg = Debug|iPhoneSimulator
		{6BD301CB-1491-47CD-9614-619EBCAED90C}.AppStore|Any CPU.Build.0 = Debug|iPhoneSimulator
		{6BD301CB-1491-47CD-9614-619EBCAED90C}.AppStore|ARM.ActiveCfg = Debug|iPhoneSimulator
		{6BD301CB-1491-47CD-9614-619EBCAED90C}.AppStore|ARM.Build.0 = Debug|iPhoneSimulator
		{6BD301CB-1491-47CD-9614-619EBCAED90C}.AppStore|ARM64.ActiveCfg = Debug|iPhoneSimulator
		{6BD301CB-1491-47CD-9614-619EBCAED90C}.AppStore|ARM64.Build.0 = Debug|iPhoneSimulator
		{6BD301CB-1491-47CD-9614-619EBCAED90C}.AppStore|iPhone.ActiveCfg = Debug|iPhoneSimulator
		{6BD301CB-1491-47CD-9614-619EBCAED90C}.AppStore|iPhone.Build.0 = Debug|iPhoneSimulator
		{6BD301CB-1491-47CD-9614-619EBCAED90C}.AppStore|iPhoneSimulator.ActiveCfg = Debug|iPhoneSimulator
		{6BD301CB-1491-47CD-9614-619EBCAED90C}.AppStore|iPhoneSimulator.Build.0 = Debug|iPhoneSimulator
		{6BD301CB-1491-47CD-9614-619EBCAED90C}.AppStore|x64.ActiveCfg = Debug|iPhoneSimulator
		{6BD301CB-1491-47CD-9614-619EBCAED90C}.AppStore|x64.Build.0 = Debug|iPhoneSimulator
		{6BD301CB-1491-47CD-9614-619EBCAED90C}.AppStore|x86.ActiveCfg = Debug|iPhoneSimulator
		{6BD301CB-1491-47CD-9614-619EBCAED90C}.AppStore|x86.Build.0 = Debug|iPhoneSimulator
		{6BD301CB-1491-47CD-9614-619EBCAED90C}.Debug|Any CPU.ActiveCfg = Debug|iPhoneSimulator
		{6BD301CB-1491-47CD-9614-619EBCAED90C}.Debug|ARM.ActiveCfg = Debug|iPhoneSimulator
		{6BD301CB-1491-47CD-9614-619EBCAED90C}.Debug|ARM64.ActiveCfg = Debug|iPhoneSimulator
		{6BD301CB-1491-47CD-9614-619EBCAED90C}.Debug|iPhone.ActiveCfg = Debug|iPhoneSimulator
		{6BD301CB-1491-47CD-9614-619EBCAED90C}.Debug|iPhoneSimulator.ActiveCfg = Debug|iPhoneSimulator
		{6BD301CB-1491-47CD-9614-619EBCAED90C}.Debug|iPhoneSimulator.Build.0 = Debug|iPhoneSimulator
		{6BD301CB-1491-47CD-9614-619EBCAED90C}.Debug|x64.ActiveCfg = Debug|iPhoneSimulator
		{6BD301CB-1491-47CD-9614-619EBCAED90C}.Debug|x86.ActiveCfg = Debug|iPhoneSimulator
		{6BD301CB-1491-47CD-9614-619EBCAED90C}.Release|Any CPU.ActiveCfg = Release|iPhoneSimulator
		{6BD301CB-1491-47CD-9614-619EBCAED90C}.Release|ARM.ActiveCfg = Release|iPhoneSimulator
		{6BD301CB-1491-47CD-9614-619EBCAED90C}.Release|ARM64.ActiveCfg = Release|iPhoneSimulator
		{6BD301CB-1491-47CD-9614-619EBCAED90C}.Release|iPhone.ActiveCfg = Release|iPhoneSimulator
		{6BD301CB-1491-47CD-9614-619EBCAED90C}.Release|iPhoneSimulator.ActiveCfg = Release|iPhoneSimulator
		{6BD301CB-1491-47CD-9614-619EBCAED90C}.Release|iPhoneSimulator.Build.0 = Release|iPhoneSimulator
		{6BD301CB-1491-47CD-9614-619EBCAED90C}.Release|x64.ActiveCfg = Release|iPhoneSimulator
		{6BD301CB-1491-47CD-9614-619EBCAED90C}.Release|x86.ActiveCfg = Release|iPhoneSimulator
		{0045BA15-E13B-4FBF-800C-B723E7B200D8}.Ad-Hoc|Any CPU.ActiveCfg = Debug|Any CPU
		{0045BA15-E13B-4FBF-800C-B723E7B200D8}.Ad-Hoc|Any CPU.Build.0 = Debug|Any CPU
		{0045BA15-E13B-4FBF-800C-B723E7B200D8}.Ad-Hoc|ARM.ActiveCfg = Debug|Any CPU
		{0045BA15-E13B-4FBF-800C-B723E7B200D8}.Ad-Hoc|ARM.Build.0 = Debug|Any CPU
		{0045BA15-E13B-4FBF-800C-B723E7B200D8}.Ad-Hoc|ARM64.ActiveCfg = Debug|Any CPU
		{0045BA15-E13B-4FBF-800C-B723E7B200D8}.Ad-Hoc|ARM64.Build.0 = Debug|Any CPU
		{0045BA15-E13B-4FBF-800C-B723E7B200D8}.Ad-Hoc|iPhone.ActiveCfg = Debug|Any CPU
		{0045BA15-E13B-4FBF-800C-B723E7B200D8}.Ad-Hoc|iPhone.Build.0 = Debug|Any CPU
		{0045BA15-E13B-4FBF-800C-B723E7B200D8}.Ad-Hoc|iPhoneSimulator.ActiveCfg = Debug|Any CPU
		{0045BA15-E13B-4FBF-800C-B723E7B200D8}.Ad-Hoc|iPhoneSimulator.Build.0 = Debug|Any CPU
		{0045BA15-E13B-4FBF-800C-B723E7B200D8}.Ad-Hoc|x64.ActiveCfg = Debug|Any CPU
		{0045BA15-E13B-4FBF-800C-B723E7B200D8}.Ad-Hoc|x64.Build.0 = Debug|Any CPU
		{0045BA15-E13B-4FBF-800C-B723E7B200D8}.Ad-Hoc|x86.ActiveCfg = Debug|Any CPU
		{0045BA15-E13B-4FBF-800C-B723E7B200D8}.Ad-Hoc|x86.Build.0 = Debug|Any CPU
		{0045BA15-E13B-4FBF-800C-B723E7B200D8}.AppStore|Any CPU.ActiveCfg = Debug|Any CPU
		{0045BA15-E13B-4FBF-800C-B723E7B200D8}.AppStore|Any CPU.Build.0 = Debug|Any CPU
		{0045BA15-E13B-4FBF-800C-B723E7B200D8}.AppStore|ARM.ActiveCfg = Debug|Any CPU
		{0045BA15-E13B-4FBF-800C-B723E7B200D8}.AppStore|ARM.Build.0 = Debug|Any CPU
		{0045BA15-E13B-4FBF-800C-B723E7B200D8}.AppStore|ARM64.ActiveCfg = Debug|Any CPU
		{0045BA15-E13B-4FBF-800C-B723E7B200D8}.AppStore|ARM64.Build.0 = Debug|Any CPU
		{0045BA15-E13B-4FBF-800C-B723E7B200D8}.AppStore|iPhone.ActiveCfg = Debug|Any CPU
		{0045BA15-E13B-4FBF-800C-B723E7B200D8}.AppStore|iPhone.Build.0 = Debug|Any CPU
		{0045BA15-E13B-4FBF-800C-B723E7B200D8}.AppStore|iPhoneSimulator.ActiveCfg = Debug|Any CPU
		{0045BA15-E13B-4FBF-800C-B723E7B200D8}.AppStore|iPhoneSimulator.Build.0 = Debug|Any CPU
		{0045BA15-E13B-4FBF-800C-B723E7B200D8}.AppStore|x64.ActiveCfg = Debug|Any CPU
		{0045BA15-E13B-4FBF-800C-B723E7B200D8}.AppStore|x64.Build.0 = Debug|Any CPU
		{0045BA15-E13B-4FBF-800C-B723E7B200D8}.AppStore|x86.ActiveCfg = Debug|Any CPU
		{0045BA15-E13B-4FBF-800C-B723E7B200D8}.AppStore|x86.Build.0 = Debug|Any CPU
		{0045BA15-E13B-4FBF-800C-B723E7B200D8}.Debug|Any CPU.ActiveCfg = Debug|Any CPU
		{0045BA15-E13B-4FBF-800C-B723E7B200D8}.Debug|Any CPU.Build.0 = Debug|Any CPU
		{0045BA15-E13B-4FBF-800C-B723E7B200D8}.Debug|ARM.ActiveCfg = Debug|Any CPU
		{0045BA15-E13B-4FBF-800C-B723E7B200D8}.Debug|ARM.Build.0 = Debug|Any CPU
		{0045BA15-E13B-4FBF-800C-B723E7B200D8}.Debug|ARM64.ActiveCfg = Debug|Any CPU
		{0045BA15-E13B-4FBF-800C-B723E7B200D8}.Debug|ARM64.Build.0 = Debug|Any CPU
		{0045BA15-E13B-4FBF-800C-B723E7B200D8}.Debug|iPhone.ActiveCfg = Debug|Any CPU
		{0045BA15-E13B-4FBF-800C-B723E7B200D8}.Debug|iPhone.Build.0 = Debug|Any CPU
		{0045BA15-E13B-4FBF-800C-B723E7B200D8}.Debug|iPhoneSimulator.ActiveCfg = Debug|Any CPU
		{0045BA15-E13B-4FBF-800C-B723E7B200D8}.Debug|iPhoneSimulator.Build.0 = Debug|Any CPU
		{0045BA15-E13B-4FBF-800C-B723E7B200D8}.Debug|x64.ActiveCfg = Debug|Any CPU
		{0045BA15-E13B-4FBF-800C-B723E7B200D8}.Debug|x64.Build.0 = Debug|Any CPU
		{0045BA15-E13B-4FBF-800C-B723E7B200D8}.Debug|x86.ActiveCfg = Debug|Any CPU
		{0045BA15-E13B-4FBF-800C-B723E7B200D8}.Debug|x86.Build.0 = Debug|Any CPU
		{0045BA15-E13B-4FBF-800C-B723E7B200D8}.Release|Any CPU.ActiveCfg = Release|Any CPU
		{0045BA15-E13B-4FBF-800C-B723E7B200D8}.Release|Any CPU.Build.0 = Release|Any CPU
		{0045BA15-E13B-4FBF-800C-B723E7B200D8}.Release|ARM.ActiveCfg = Release|Any CPU
		{0045BA15-E13B-4FBF-800C-B723E7B200D8}.Release|ARM.Build.0 = Release|Any CPU
		{0045BA15-E13B-4FBF-800C-B723E7B200D8}.Release|ARM64.ActiveCfg = Release|Any CPU
		{0045BA15-E13B-4FBF-800C-B723E7B200D8}.Release|ARM64.Build.0 = Release|Any CPU
		{0045BA15-E13B-4FBF-800C-B723E7B200D8}.Release|iPhone.ActiveCfg = Release|Any CPU
		{0045BA15-E13B-4FBF-800C-B723E7B200D8}.Release|iPhone.Build.0 = Release|Any CPU
		{0045BA15-E13B-4FBF-800C-B723E7B200D8}.Release|iPhoneSimulator.ActiveCfg = Release|Any CPU
		{0045BA15-E13B-4FBF-800C-B723E7B200D8}.Release|iPhoneSimulator.Build.0 = Release|Any CPU
		{0045BA15-E13B-4FBF-800C-B723E7B200D8}.Release|x64.ActiveCfg = Release|Any CPU
		{0045BA15-E13B-4FBF-800C-B723E7B200D8}.Release|x64.Build.0 = Release|Any CPU
		{0045BA15-E13B-4FBF-800C-B723E7B200D8}.Release|x86.ActiveCfg = Release|Any CPU
		{0045BA15-E13B-4FBF-800C-B723E7B200D8}.Release|x86.Build.0 = Release|Any CPU
		{42793CD0-69F1-42E4-9396-3B8B26B9F933}.Ad-Hoc|Any CPU.ActiveCfg = Debug|Any CPU
		{42793CD0-69F1-42E4-9396-3B8B26B9F933}.Ad-Hoc|Any CPU.Build.0 = Debug|Any CPU
		{42793CD0-69F1-42E4-9396-3B8B26B9F933}.Ad-Hoc|ARM.ActiveCfg = Debug|Any CPU
		{42793CD0-69F1-42E4-9396-3B8B26B9F933}.Ad-Hoc|ARM.Build.0 = Debug|Any CPU
		{42793CD0-69F1-42E4-9396-3B8B26B9F933}.Ad-Hoc|ARM64.ActiveCfg = Debug|Any CPU
		{42793CD0-69F1-42E4-9396-3B8B26B9F933}.Ad-Hoc|ARM64.Build.0 = Debug|Any CPU
		{42793CD0-69F1-42E4-9396-3B8B26B9F933}.Ad-Hoc|iPhone.ActiveCfg = Debug|Any CPU
		{42793CD0-69F1-42E4-9396-3B8B26B9F933}.Ad-Hoc|iPhone.Build.0 = Debug|Any CPU
		{42793CD0-69F1-42E4-9396-3B8B26B9F933}.Ad-Hoc|iPhoneSimulator.ActiveCfg = Debug|Any CPU
		{42793CD0-69F1-42E4-9396-3B8B26B9F933}.Ad-Hoc|iPhoneSimulator.Build.0 = Debug|Any CPU
		{42793CD0-69F1-42E4-9396-3B8B26B9F933}.Ad-Hoc|x64.ActiveCfg = Debug|Any CPU
		{42793CD0-69F1-42E4-9396-3B8B26B9F933}.Ad-Hoc|x64.Build.0 = Debug|Any CPU
		{42793CD0-69F1-42E4-9396-3B8B26B9F933}.Ad-Hoc|x86.ActiveCfg = Debug|Any CPU
		{42793CD0-69F1-42E4-9396-3B8B26B9F933}.Ad-Hoc|x86.Build.0 = Debug|Any CPU
		{42793CD0-69F1-42E4-9396-3B8B26B9F933}.AppStore|Any CPU.ActiveCfg = Debug|Any CPU
		{42793CD0-69F1-42E4-9396-3B8B26B9F933}.AppStore|Any CPU.Build.0 = Debug|Any CPU
		{42793CD0-69F1-42E4-9396-3B8B26B9F933}.AppStore|ARM.ActiveCfg = Debug|Any CPU
		{42793CD0-69F1-42E4-9396-3B8B26B9F933}.AppStore|ARM.Build.0 = Debug|Any CPU
		{42793CD0-69F1-42E4-9396-3B8B26B9F933}.AppStore|ARM64.ActiveCfg = Debug|Any CPU
		{42793CD0-69F1-42E4-9396-3B8B26B9F933}.AppStore|ARM64.Build.0 = Debug|Any CPU
		{42793CD0-69F1-42E4-9396-3B8B26B9F933}.AppStore|iPhone.ActiveCfg = Debug|Any CPU
		{42793CD0-69F1-42E4-9396-3B8B26B9F933}.AppStore|iPhone.Build.0 = Debug|Any CPU
		{42793CD0-69F1-42E4-9396-3B8B26B9F933}.AppStore|iPhoneSimulator.ActiveCfg = Debug|Any CPU
		{42793CD0-69F1-42E4-9396-3B8B26B9F933}.AppStore|iPhoneSimulator.Build.0 = Debug|Any CPU
		{42793CD0-69F1-42E4-9396-3B8B26B9F933}.AppStore|x64.ActiveCfg = Debug|Any CPU
		{42793CD0-69F1-42E4-9396-3B8B26B9F933}.AppStore|x64.Build.0 = Debug|Any CPU
		{42793CD0-69F1-42E4-9396-3B8B26B9F933}.AppStore|x86.ActiveCfg = Debug|Any CPU
		{42793CD0-69F1-42E4-9396-3B8B26B9F933}.AppStore|x86.Build.0 = Debug|Any CPU
		{42793CD0-69F1-42E4-9396-3B8B26B9F933}.Debug|Any CPU.ActiveCfg = Debug|Any CPU
		{42793CD0-69F1-42E4-9396-3B8B26B9F933}.Debug|Any CPU.Build.0 = Debug|Any CPU
		{42793CD0-69F1-42E4-9396-3B8B26B9F933}.Debug|ARM.ActiveCfg = Debug|Any CPU
		{42793CD0-69F1-42E4-9396-3B8B26B9F933}.Debug|ARM.Build.0 = Debug|Any CPU
		{42793CD0-69F1-42E4-9396-3B8B26B9F933}.Debug|ARM64.ActiveCfg = Debug|Any CPU
		{42793CD0-69F1-42E4-9396-3B8B26B9F933}.Debug|ARM64.Build.0 = Debug|Any CPU
		{42793CD0-69F1-42E4-9396-3B8B26B9F933}.Debug|iPhone.ActiveCfg = Debug|Any CPU
		{42793CD0-69F1-42E4-9396-3B8B26B9F933}.Debug|iPhone.Build.0 = Debug|Any CPU
		{42793CD0-69F1-42E4-9396-3B8B26B9F933}.Debug|iPhoneSimulator.ActiveCfg = Debug|Any CPU
		{42793CD0-69F1-42E4-9396-3B8B26B9F933}.Debug|iPhoneSimulator.Build.0 = Debug|Any CPU
		{42793CD0-69F1-42E4-9396-3B8B26B9F933}.Debug|x64.ActiveCfg = Debug|Any CPU
		{42793CD0-69F1-42E4-9396-3B8B26B9F933}.Debug|x64.Build.0 = Debug|Any CPU
		{42793CD0-69F1-42E4-9396-3B8B26B9F933}.Debug|x86.ActiveCfg = Debug|Any CPU
		{42793CD0-69F1-42E4-9396-3B8B26B9F933}.Debug|x86.Build.0 = Debug|Any CPU
		{42793CD0-69F1-42E4-9396-3B8B26B9F933}.Release|Any CPU.ActiveCfg = Release|Any CPU
		{42793CD0-69F1-42E4-9396-3B8B26B9F933}.Release|Any CPU.Build.0 = Release|Any CPU
		{42793CD0-69F1-42E4-9396-3B8B26B9F933}.Release|ARM.ActiveCfg = Release|Any CPU
		{42793CD0-69F1-42E4-9396-3B8B26B9F933}.Release|ARM.Build.0 = Release|Any CPU
		{42793CD0-69F1-42E4-9396-3B8B26B9F933}.Release|ARM64.ActiveCfg = Release|Any CPU
		{42793CD0-69F1-42E4-9396-3B8B26B9F933}.Release|ARM64.Build.0 = Release|Any CPU
		{42793CD0-69F1-42E4-9396-3B8B26B9F933}.Release|iPhone.ActiveCfg = Release|Any CPU
		{42793CD0-69F1-42E4-9396-3B8B26B9F933}.Release|iPhone.Build.0 = Release|Any CPU
		{42793CD0-69F1-42E4-9396-3B8B26B9F933}.Release|iPhoneSimulator.ActiveCfg = Release|Any CPU
		{42793CD0-69F1-42E4-9396-3B8B26B9F933}.Release|iPhoneSimulator.Build.0 = Release|Any CPU
		{42793CD0-69F1-42E4-9396-3B8B26B9F933}.Release|x64.ActiveCfg = Release|Any CPU
		{42793CD0-69F1-42E4-9396-3B8B26B9F933}.Release|x64.Build.0 = Release|Any CPU
		{42793CD0-69F1-42E4-9396-3B8B26B9F933}.Release|x86.ActiveCfg = Release|Any CPU
		{42793CD0-69F1-42E4-9396-3B8B26B9F933}.Release|x86.Build.0 = Release|Any CPU
		{CA1F5C5B-B884-417D-92FA-C3F3A7BA16E1}.Ad-Hoc|Any CPU.ActiveCfg = Debug|Any CPU
		{CA1F5C5B-B884-417D-92FA-C3F3A7BA16E1}.Ad-Hoc|Any CPU.Build.0 = Debug|Any CPU
		{CA1F5C5B-B884-417D-92FA-C3F3A7BA16E1}.Ad-Hoc|ARM.ActiveCfg = Debug|Any CPU
		{CA1F5C5B-B884-417D-92FA-C3F3A7BA16E1}.Ad-Hoc|ARM.Build.0 = Debug|Any CPU
		{CA1F5C5B-B884-417D-92FA-C3F3A7BA16E1}.Ad-Hoc|ARM64.ActiveCfg = Debug|Any CPU
		{CA1F5C5B-B884-417D-92FA-C3F3A7BA16E1}.Ad-Hoc|ARM64.Build.0 = Debug|Any CPU
		{CA1F5C5B-B884-417D-92FA-C3F3A7BA16E1}.Ad-Hoc|iPhone.ActiveCfg = Debug|Any CPU
		{CA1F5C5B-B884-417D-92FA-C3F3A7BA16E1}.Ad-Hoc|iPhone.Build.0 = Debug|Any CPU
		{CA1F5C5B-B884-417D-92FA-C3F3A7BA16E1}.Ad-Hoc|iPhoneSimulator.ActiveCfg = Debug|Any CPU
		{CA1F5C5B-B884-417D-92FA-C3F3A7BA16E1}.Ad-Hoc|iPhoneSimulator.Build.0 = Debug|Any CPU
		{CA1F5C5B-B884-417D-92FA-C3F3A7BA16E1}.Ad-Hoc|x64.ActiveCfg = Debug|Any CPU
		{CA1F5C5B-B884-417D-92FA-C3F3A7BA16E1}.Ad-Hoc|x64.Build.0 = Debug|Any CPU
		{CA1F5C5B-B884-417D-92FA-C3F3A7BA16E1}.Ad-Hoc|x86.ActiveCfg = Debug|Any CPU
		{CA1F5C5B-B884-417D-92FA-C3F3A7BA16E1}.Ad-Hoc|x86.Build.0 = Debug|Any CPU
		{CA1F5C5B-B884-417D-92FA-C3F3A7BA16E1}.AppStore|Any CPU.ActiveCfg = Debug|Any CPU
		{CA1F5C5B-B884-417D-92FA-C3F3A7BA16E1}.AppStore|Any CPU.Build.0 = Debug|Any CPU
		{CA1F5C5B-B884-417D-92FA-C3F3A7BA16E1}.AppStore|ARM.ActiveCfg = Debug|Any CPU
		{CA1F5C5B-B884-417D-92FA-C3F3A7BA16E1}.AppStore|ARM.Build.0 = Debug|Any CPU
		{CA1F5C5B-B884-417D-92FA-C3F3A7BA16E1}.AppStore|ARM64.ActiveCfg = Debug|Any CPU
		{CA1F5C5B-B884-417D-92FA-C3F3A7BA16E1}.AppStore|ARM64.Build.0 = Debug|Any CPU
		{CA1F5C5B-B884-417D-92FA-C3F3A7BA16E1}.AppStore|iPhone.ActiveCfg = Debug|Any CPU
		{CA1F5C5B-B884-417D-92FA-C3F3A7BA16E1}.AppStore|iPhone.Build.0 = Debug|Any CPU
		{CA1F5C5B-B884-417D-92FA-C3F3A7BA16E1}.AppStore|iPhoneSimulator.ActiveCfg = Debug|Any CPU
		{CA1F5C5B-B884-417D-92FA-C3F3A7BA16E1}.AppStore|iPhoneSimulator.Build.0 = Debug|Any CPU
		{CA1F5C5B-B884-417D-92FA-C3F3A7BA16E1}.AppStore|x64.ActiveCfg = Debug|Any CPU
		{CA1F5C5B-B884-417D-92FA-C3F3A7BA16E1}.AppStore|x64.Build.0 = Debug|Any CPU
		{CA1F5C5B-B884-417D-92FA-C3F3A7BA16E1}.AppStore|x86.ActiveCfg = Debug|Any CPU
		{CA1F5C5B-B884-417D-92FA-C3F3A7BA16E1}.AppStore|x86.Build.0 = Debug|Any CPU
		{CA1F5C5B-B884-417D-92FA-C3F3A7BA16E1}.Debug|Any CPU.ActiveCfg = Debug|Any CPU
		{CA1F5C5B-B884-417D-92FA-C3F3A7BA16E1}.Debug|Any CPU.Build.0 = Debug|Any CPU
		{CA1F5C5B-B884-417D-92FA-C3F3A7BA16E1}.Debug|ARM.ActiveCfg = Debug|Any CPU
		{CA1F5C5B-B884-417D-92FA-C3F3A7BA16E1}.Debug|ARM.Build.0 = Debug|Any CPU
		{CA1F5C5B-B884-417D-92FA-C3F3A7BA16E1}.Debug|ARM64.ActiveCfg = Debug|Any CPU
		{CA1F5C5B-B884-417D-92FA-C3F3A7BA16E1}.Debug|ARM64.Build.0 = Debug|Any CPU
		{CA1F5C5B-B884-417D-92FA-C3F3A7BA16E1}.Debug|iPhone.ActiveCfg = Debug|Any CPU
		{CA1F5C5B-B884-417D-92FA-C3F3A7BA16E1}.Debug|iPhone.Build.0 = Debug|Any CPU
		{CA1F5C5B-B884-417D-92FA-C3F3A7BA16E1}.Debug|iPhoneSimulator.ActiveCfg = Debug|Any CPU
		{CA1F5C5B-B884-417D-92FA-C3F3A7BA16E1}.Debug|iPhoneSimulator.Build.0 = Debug|Any CPU
		{CA1F5C5B-B884-417D-92FA-C3F3A7BA16E1}.Debug|x64.ActiveCfg = Debug|Any CPU
		{CA1F5C5B-B884-417D-92FA-C3F3A7BA16E1}.Debug|x64.Build.0 = Debug|Any CPU
		{CA1F5C5B-B884-417D-92FA-C3F3A7BA16E1}.Debug|x86.ActiveCfg = Debug|Any CPU
		{CA1F5C5B-B884-417D-92FA-C3F3A7BA16E1}.Debug|x86.Build.0 = Debug|Any CPU
		{CA1F5C5B-B884-417D-92FA-C3F3A7BA16E1}.Release|Any CPU.ActiveCfg = Release|Any CPU
		{CA1F5C5B-B884-417D-92FA-C3F3A7BA16E1}.Release|Any CPU.Build.0 = Release|Any CPU
		{CA1F5C5B-B884-417D-92FA-C3F3A7BA16E1}.Release|ARM.ActiveCfg = Release|Any CPU
		{CA1F5C5B-B884-417D-92FA-C3F3A7BA16E1}.Release|ARM.Build.0 = Release|Any CPU
		{CA1F5C5B-B884-417D-92FA-C3F3A7BA16E1}.Release|ARM64.ActiveCfg = Release|Any CPU
		{CA1F5C5B-B884-417D-92FA-C3F3A7BA16E1}.Release|ARM64.Build.0 = Release|Any CPU
		{CA1F5C5B-B884-417D-92FA-C3F3A7BA16E1}.Release|iPhone.ActiveCfg = Release|Any CPU
		{CA1F5C5B-B884-417D-92FA-C3F3A7BA16E1}.Release|iPhone.Build.0 = Release|Any CPU
		{CA1F5C5B-B884-417D-92FA-C3F3A7BA16E1}.Release|iPhoneSimulator.ActiveCfg = Release|Any CPU
		{CA1F5C5B-B884-417D-92FA-C3F3A7BA16E1}.Release|iPhoneSimulator.Build.0 = Release|Any CPU
		{CA1F5C5B-B884-417D-92FA-C3F3A7BA16E1}.Release|x64.ActiveCfg = Release|Any CPU
		{CA1F5C5B-B884-417D-92FA-C3F3A7BA16E1}.Release|x64.Build.0 = Release|Any CPU
		{CA1F5C5B-B884-417D-92FA-C3F3A7BA16E1}.Release|x86.ActiveCfg = Release|Any CPU
		{CA1F5C5B-B884-417D-92FA-C3F3A7BA16E1}.Release|x86.Build.0 = Release|Any CPU
		{05130D77-0656-4F52-BF93-AEE1F9D84AE1}.Ad-Hoc|Any CPU.ActiveCfg = Debug|Any CPU
		{05130D77-0656-4F52-BF93-AEE1F9D84AE1}.Ad-Hoc|Any CPU.Build.0 = Debug|Any CPU
		{05130D77-0656-4F52-BF93-AEE1F9D84AE1}.Ad-Hoc|ARM.ActiveCfg = Debug|Any CPU
		{05130D77-0656-4F52-BF93-AEE1F9D84AE1}.Ad-Hoc|ARM.Build.0 = Debug|Any CPU
		{05130D77-0656-4F52-BF93-AEE1F9D84AE1}.Ad-Hoc|ARM64.ActiveCfg = Debug|Any CPU
		{05130D77-0656-4F52-BF93-AEE1F9D84AE1}.Ad-Hoc|ARM64.Build.0 = Debug|Any CPU
		{05130D77-0656-4F52-BF93-AEE1F9D84AE1}.Ad-Hoc|iPhone.ActiveCfg = Debug|Any CPU
		{05130D77-0656-4F52-BF93-AEE1F9D84AE1}.Ad-Hoc|iPhone.Build.0 = Debug|Any CPU
		{05130D77-0656-4F52-BF93-AEE1F9D84AE1}.Ad-Hoc|iPhoneSimulator.ActiveCfg = Debug|Any CPU
		{05130D77-0656-4F52-BF93-AEE1F9D84AE1}.Ad-Hoc|iPhoneSimulator.Build.0 = Debug|Any CPU
		{05130D77-0656-4F52-BF93-AEE1F9D84AE1}.Ad-Hoc|x64.ActiveCfg = Debug|Any CPU
		{05130D77-0656-4F52-BF93-AEE1F9D84AE1}.Ad-Hoc|x64.Build.0 = Debug|Any CPU
		{05130D77-0656-4F52-BF93-AEE1F9D84AE1}.Ad-Hoc|x86.ActiveCfg = Debug|Any CPU
		{05130D77-0656-4F52-BF93-AEE1F9D84AE1}.Ad-Hoc|x86.Build.0 = Debug|Any CPU
		{05130D77-0656-4F52-BF93-AEE1F9D84AE1}.AppStore|Any CPU.ActiveCfg = Debug|Any CPU
		{05130D77-0656-4F52-BF93-AEE1F9D84AE1}.AppStore|Any CPU.Build.0 = Debug|Any CPU
		{05130D77-0656-4F52-BF93-AEE1F9D84AE1}.AppStore|ARM.ActiveCfg = Debug|Any CPU
		{05130D77-0656-4F52-BF93-AEE1F9D84AE1}.AppStore|ARM.Build.0 = Debug|Any CPU
		{05130D77-0656-4F52-BF93-AEE1F9D84AE1}.AppStore|ARM64.ActiveCfg = Debug|Any CPU
		{05130D77-0656-4F52-BF93-AEE1F9D84AE1}.AppStore|ARM64.Build.0 = Debug|Any CPU
		{05130D77-0656-4F52-BF93-AEE1F9D84AE1}.AppStore|iPhone.ActiveCfg = Debug|Any CPU
		{05130D77-0656-4F52-BF93-AEE1F9D84AE1}.AppStore|iPhone.Build.0 = Debug|Any CPU
		{05130D77-0656-4F52-BF93-AEE1F9D84AE1}.AppStore|iPhoneSimulator.ActiveCfg = Debug|Any CPU
		{05130D77-0656-4F52-BF93-AEE1F9D84AE1}.AppStore|iPhoneSimulator.Build.0 = Debug|Any CPU
		{05130D77-0656-4F52-BF93-AEE1F9D84AE1}.AppStore|x64.ActiveCfg = Debug|Any CPU
		{05130D77-0656-4F52-BF93-AEE1F9D84AE1}.AppStore|x64.Build.0 = Debug|Any CPU
		{05130D77-0656-4F52-BF93-AEE1F9D84AE1}.AppStore|x86.ActiveCfg = Debug|Any CPU
		{05130D77-0656-4F52-BF93-AEE1F9D84AE1}.AppStore|x86.Build.0 = Debug|Any CPU
		{05130D77-0656-4F52-BF93-AEE1F9D84AE1}.Debug|Any CPU.ActiveCfg = Debug|Any CPU
		{05130D77-0656-4F52-BF93-AEE1F9D84AE1}.Debug|Any CPU.Build.0 = Debug|Any CPU
		{05130D77-0656-4F52-BF93-AEE1F9D84AE1}.Debug|ARM.ActiveCfg = Debug|Any CPU
		{05130D77-0656-4F52-BF93-AEE1F9D84AE1}.Debug|ARM.Build.0 = Debug|Any CPU
		{05130D77-0656-4F52-BF93-AEE1F9D84AE1}.Debug|ARM64.ActiveCfg = Debug|Any CPU
		{05130D77-0656-4F52-BF93-AEE1F9D84AE1}.Debug|ARM64.Build.0 = Debug|Any CPU
		{05130D77-0656-4F52-BF93-AEE1F9D84AE1}.Debug|iPhone.ActiveCfg = Debug|Any CPU
		{05130D77-0656-4F52-BF93-AEE1F9D84AE1}.Debug|iPhone.Build.0 = Debug|Any CPU
		{05130D77-0656-4F52-BF93-AEE1F9D84AE1}.Debug|iPhoneSimulator.ActiveCfg = Debug|Any CPU
		{05130D77-0656-4F52-BF93-AEE1F9D84AE1}.Debug|iPhoneSimulator.Build.0 = Debug|Any CPU
		{05130D77-0656-4F52-BF93-AEE1F9D84AE1}.Debug|x64.ActiveCfg = Debug|Any CPU
		{05130D77-0656-4F52-BF93-AEE1F9D84AE1}.Debug|x64.Build.0 = Debug|Any CPU
		{05130D77-0656-4F52-BF93-AEE1F9D84AE1}.Debug|x86.ActiveCfg = Debug|Any CPU
		{05130D77-0656-4F52-BF93-AEE1F9D84AE1}.Debug|x86.Build.0 = Debug|Any CPU
		{05130D77-0656-4F52-BF93-AEE1F9D84AE1}.Release|Any CPU.ActiveCfg = Release|Any CPU
		{05130D77-0656-4F52-BF93-AEE1F9D84AE1}.Release|Any CPU.Build.0 = Release|Any CPU
		{05130D77-0656-4F52-BF93-AEE1F9D84AE1}.Release|ARM.ActiveCfg = Release|Any CPU
		{05130D77-0656-4F52-BF93-AEE1F9D84AE1}.Release|ARM.Build.0 = Release|Any CPU
		{05130D77-0656-4F52-BF93-AEE1F9D84AE1}.Release|ARM64.ActiveCfg = Release|Any CPU
		{05130D77-0656-4F52-BF93-AEE1F9D84AE1}.Release|ARM64.Build.0 = Release|Any CPU
		{05130D77-0656-4F52-BF93-AEE1F9D84AE1}.Release|iPhone.ActiveCfg = Release|Any CPU
		{05130D77-0656-4F52-BF93-AEE1F9D84AE1}.Release|iPhone.Build.0 = Release|Any CPU
		{05130D77-0656-4F52-BF93-AEE1F9D84AE1}.Release|iPhoneSimulator.ActiveCfg = Release|Any CPU
		{05130D77-0656-4F52-BF93-AEE1F9D84AE1}.Release|iPhoneSimulator.Build.0 = Release|Any CPU
		{05130D77-0656-4F52-BF93-AEE1F9D84AE1}.Release|x64.ActiveCfg = Release|Any CPU
		{05130D77-0656-4F52-BF93-AEE1F9D84AE1}.Release|x64.Build.0 = Release|Any CPU
		{05130D77-0656-4F52-BF93-AEE1F9D84AE1}.Release|x86.ActiveCfg = Release|Any CPU
		{05130D77-0656-4F52-BF93-AEE1F9D84AE1}.Release|x86.Build.0 = Release|Any CPU
		{3A8C7AC9-4290-472E-A1C7-7F1B4450688F}.Ad-Hoc|Any CPU.ActiveCfg = Debug|Any CPU
		{3A8C7AC9-4290-472E-A1C7-7F1B4450688F}.Ad-Hoc|Any CPU.Build.0 = Debug|Any CPU
		{3A8C7AC9-4290-472E-A1C7-7F1B4450688F}.Ad-Hoc|ARM.ActiveCfg = Debug|Any CPU
		{3A8C7AC9-4290-472E-A1C7-7F1B4450688F}.Ad-Hoc|ARM.Build.0 = Debug|Any CPU
		{3A8C7AC9-4290-472E-A1C7-7F1B4450688F}.Ad-Hoc|ARM64.ActiveCfg = Debug|Any CPU
		{3A8C7AC9-4290-472E-A1C7-7F1B4450688F}.Ad-Hoc|ARM64.Build.0 = Debug|Any CPU
		{3A8C7AC9-4290-472E-A1C7-7F1B4450688F}.Ad-Hoc|iPhone.ActiveCfg = Debug|Any CPU
		{3A8C7AC9-4290-472E-A1C7-7F1B4450688F}.Ad-Hoc|iPhone.Build.0 = Debug|Any CPU
		{3A8C7AC9-4290-472E-A1C7-7F1B4450688F}.Ad-Hoc|iPhoneSimulator.ActiveCfg = Debug|Any CPU
		{3A8C7AC9-4290-472E-A1C7-7F1B4450688F}.Ad-Hoc|iPhoneSimulator.Build.0 = Debug|Any CPU
		{3A8C7AC9-4290-472E-A1C7-7F1B4450688F}.Ad-Hoc|x64.ActiveCfg = Debug|Any CPU
		{3A8C7AC9-4290-472E-A1C7-7F1B4450688F}.Ad-Hoc|x64.Build.0 = Debug|Any CPU
		{3A8C7AC9-4290-472E-A1C7-7F1B4450688F}.Ad-Hoc|x86.ActiveCfg = Debug|Any CPU
		{3A8C7AC9-4290-472E-A1C7-7F1B4450688F}.Ad-Hoc|x86.Build.0 = Debug|Any CPU
		{3A8C7AC9-4290-472E-A1C7-7F1B4450688F}.AppStore|Any CPU.ActiveCfg = Debug|Any CPU
		{3A8C7AC9-4290-472E-A1C7-7F1B4450688F}.AppStore|Any CPU.Build.0 = Debug|Any CPU
		{3A8C7AC9-4290-472E-A1C7-7F1B4450688F}.AppStore|ARM.ActiveCfg = Debug|Any CPU
		{3A8C7AC9-4290-472E-A1C7-7F1B4450688F}.AppStore|ARM.Build.0 = Debug|Any CPU
		{3A8C7AC9-4290-472E-A1C7-7F1B4450688F}.AppStore|ARM64.ActiveCfg = Debug|Any CPU
		{3A8C7AC9-4290-472E-A1C7-7F1B4450688F}.AppStore|ARM64.Build.0 = Debug|Any CPU
		{3A8C7AC9-4290-472E-A1C7-7F1B4450688F}.AppStore|iPhone.ActiveCfg = Debug|Any CPU
		{3A8C7AC9-4290-472E-A1C7-7F1B4450688F}.AppStore|iPhone.Build.0 = Debug|Any CPU
		{3A8C7AC9-4290-472E-A1C7-7F1B4450688F}.AppStore|iPhoneSimulator.ActiveCfg = Debug|Any CPU
		{3A8C7AC9-4290-472E-A1C7-7F1B4450688F}.AppStore|iPhoneSimulator.Build.0 = Debug|Any CPU
		{3A8C7AC9-4290-472E-A1C7-7F1B4450688F}.AppStore|x64.ActiveCfg = Debug|Any CPU
		{3A8C7AC9-4290-472E-A1C7-7F1B4450688F}.AppStore|x64.Build.0 = Debug|Any CPU
		{3A8C7AC9-4290-472E-A1C7-7F1B4450688F}.AppStore|x86.ActiveCfg = Debug|Any CPU
		{3A8C7AC9-4290-472E-A1C7-7F1B4450688F}.AppStore|x86.Build.0 = Debug|Any CPU
		{3A8C7AC9-4290-472E-A1C7-7F1B4450688F}.Debug|Any CPU.ActiveCfg = Debug|Any CPU
		{3A8C7AC9-4290-472E-A1C7-7F1B4450688F}.Debug|Any CPU.Build.0 = Debug|Any CPU
		{3A8C7AC9-4290-472E-A1C7-7F1B4450688F}.Debug|ARM.ActiveCfg = Debug|Any CPU
		{3A8C7AC9-4290-472E-A1C7-7F1B4450688F}.Debug|ARM.Build.0 = Debug|Any CPU
		{3A8C7AC9-4290-472E-A1C7-7F1B4450688F}.Debug|ARM64.ActiveCfg = Debug|Any CPU
		{3A8C7AC9-4290-472E-A1C7-7F1B4450688F}.Debug|ARM64.Build.0 = Debug|Any CPU
		{3A8C7AC9-4290-472E-A1C7-7F1B4450688F}.Debug|iPhone.ActiveCfg = Debug|Any CPU
		{3A8C7AC9-4290-472E-A1C7-7F1B4450688F}.Debug|iPhone.Build.0 = Debug|Any CPU
		{3A8C7AC9-4290-472E-A1C7-7F1B4450688F}.Debug|iPhoneSimulator.ActiveCfg = Debug|Any CPU
		{3A8C7AC9-4290-472E-A1C7-7F1B4450688F}.Debug|iPhoneSimulator.Build.0 = Debug|Any CPU
		{3A8C7AC9-4290-472E-A1C7-7F1B4450688F}.Debug|x64.ActiveCfg = Debug|Any CPU
		{3A8C7AC9-4290-472E-A1C7-7F1B4450688F}.Debug|x64.Build.0 = Debug|Any CPU
		{3A8C7AC9-4290-472E-A1C7-7F1B4450688F}.Debug|x86.ActiveCfg = Debug|Any CPU
		{3A8C7AC9-4290-472E-A1C7-7F1B4450688F}.Debug|x86.Build.0 = Debug|Any CPU
		{3A8C7AC9-4290-472E-A1C7-7F1B4450688F}.Release|Any CPU.ActiveCfg = Release|Any CPU
		{3A8C7AC9-4290-472E-A1C7-7F1B4450688F}.Release|Any CPU.Build.0 = Release|Any CPU
		{3A8C7AC9-4290-472E-A1C7-7F1B4450688F}.Release|ARM.ActiveCfg = Release|Any CPU
		{3A8C7AC9-4290-472E-A1C7-7F1B4450688F}.Release|ARM.Build.0 = Release|Any CPU
		{3A8C7AC9-4290-472E-A1C7-7F1B4450688F}.Release|ARM64.ActiveCfg = Release|Any CPU
		{3A8C7AC9-4290-472E-A1C7-7F1B4450688F}.Release|ARM64.Build.0 = Release|Any CPU
		{3A8C7AC9-4290-472E-A1C7-7F1B4450688F}.Release|iPhone.ActiveCfg = Release|Any CPU
		{3A8C7AC9-4290-472E-A1C7-7F1B4450688F}.Release|iPhone.Build.0 = Release|Any CPU
		{3A8C7AC9-4290-472E-A1C7-7F1B4450688F}.Release|iPhoneSimulator.ActiveCfg = Release|Any CPU
		{3A8C7AC9-4290-472E-A1C7-7F1B4450688F}.Release|iPhoneSimulator.Build.0 = Release|Any CPU
		{3A8C7AC9-4290-472E-A1C7-7F1B4450688F}.Release|x64.ActiveCfg = Release|Any CPU
		{3A8C7AC9-4290-472E-A1C7-7F1B4450688F}.Release|x64.Build.0 = Release|Any CPU
		{3A8C7AC9-4290-472E-A1C7-7F1B4450688F}.Release|x86.ActiveCfg = Release|Any CPU
		{3A8C7AC9-4290-472E-A1C7-7F1B4450688F}.Release|x86.Build.0 = Release|Any CPU
	EndGlobalSection
	GlobalSection(SolutionProperties) = preSolution
		HideSolutionNode = FALSE
	EndGlobalSection
	GlobalSection(NestedProjects) = preSolution
		{EE061984-7425-44A6-8C2D-FAEDC3700C0D} = {75938198-8732-4567-BE24-A678557241E6}
		{EB1F0C09-A7CC-4D8F-A640-12B6B6F0D733} = {75938198-8732-4567-BE24-A678557241E6}
		{FEEE3D99-ED07-4D1F-BCFD-0C970F3A00D1} = {75938198-8732-4567-BE24-A678557241E6}
		{D04EA536-4CF2-4D4C-B8B6-AF0CCCEDDC56} = {75938198-8732-4567-BE24-A678557241E6}
		{6BD301CB-1491-47CD-9614-619EBCAED90C} = {75938198-8732-4567-BE24-A678557241E6}
		{0045BA15-E13B-4FBF-800C-B723E7B200D8} = {75938198-8732-4567-BE24-A678557241E6}
		{42793CD0-69F1-42E4-9396-3B8B26B9F933} = {75938198-8732-4567-BE24-A678557241E6}
		{CA1F5C5B-B884-417D-92FA-C3F3A7BA16E1} = {75938198-8732-4567-BE24-A678557241E6}
		{05130D77-0656-4F52-BF93-AEE1F9D84AE1} = {75938198-8732-4567-BE24-A678557241E6}
	EndGlobalSection
	GlobalSection(ExtensibilityGlobals) = postSolution
		SolutionGuid = {3CA03FD9-E721-4F01-9C8C-9663D5D7D65A}
	EndGlobalSection
EndGlobal
